<?xml version="1.0" encoding="utf-8"?>
<Project ToolsVersion="4.0" xmlns="http://schemas.microsoft.com/developer/msbuild/2003">
  <ItemGroup>
    <Filter Include="Source Files">
      <UniqueIdentifier>{4FC737F1-C7A5-4376-A066-2A32D752A2FF}</UniqueIdentifier>
      <Extensions>cpp;c;cc;cxx;def;odl;idl;hpj;bat;asm;asmx</Extensions>
    </Filter>
    <Filter Include="Header Files">
      <UniqueIdentifier>{93995380-89BD-4b04-88EB-625FBE52EBFB}</UniqueIdentifier>
      <Extensions>h;hh;hpp;hxx;hm;inl;inc;xsd</Extensions>
    </Filter>
    <Filter Include="Resource Files">
      <UniqueIdentifier>{67DA6AB6-F800-4c08-8B7A-83BB121AAD01}</UniqueIdentifier>
      <Extensions>rc;ico;cur;bmp;dlg;rc2;rct;bin;rgs;gif;jpg;jpeg;jpe;resx;tiff;tif;png;wav;mfcribbon-ms</Extensions>
    </Filter>
    <Filter Include="Header Files\Engine">
      <UniqueIdentifier>{84c1e3a8-ce65-48c1-9e9f-e6070d658116}</UniqueIdentifier>
    </Filter>
    <Filter Include="Source Files\Engine">
      <UniqueIdentifier>{5bcfa120-ca6e-46a4-8d0c-96272e5d5fe3}</UniqueIdentifier>
    </Filter>
  </ItemGroup>
  <ItemGroup>
    <ClInclude Include="pompeii.h">
      <Filter>Header Files</Filter>
    </ClInclude>
    <ClInclude Include="Engine\backbuffer.h">
      <Filter>Header Files\Engine</Filter>
    </ClInclude>
    <ClInclude Include="Engine\entity.h">
      <Filter>Header Files\Engine</Filter>
    </ClInclude>
    <ClInclude Include="Engine\game.h">
      <Filter>Header Files\Engine</Filter>
    </ClInclude>
    <ClInclude Include="Engine\inputhandler.h">
      <Filter>Header Files\Engine</Filter>
    </ClInclude>
    <ClInclude Include="Engine\logmanager.h">
      <Filter>Header Files\Engine</Filter>
    </ClInclude>
    <ClInclude Include="Engine\sprite.h">
      <Filter>Header Files\Engine</Filter>
    </ClInclude>
    <ClInclude Include="Engine\texture.h">
      <Filter>Header Files\Engine</Filter>
    </ClInclude>
    <ClInclude Include="Engine\texturemanager.h">
      <Filter>Header Files\Engine</Filter>
    </ClInclude>
    <ClInclude Include="World\coordinate.h">
      <Filter>Header Files</Filter>
    </ClInclude>
    <ClInclude Include="World\map.h">
      <Filter>Header Files</Filter>
    </ClInclude>
    <ClInclude Include="World\tile.h">
      <Filter>Header Files</Filter>
    </ClInclude>
    <ClInclude Include="World\tilemanager.h">
      <Filter>Header Files</Filter>
    </ClInclude>
    <ClInclude Include="World\types.h">
      <Filter>Header Files</Filter>
    </ClInclude>
    <ClInclude Include="World\luafile.h">
      <Filter>Header Files</Filter>
    </ClInclude>
    <ClInclude Include="Stages\Helper\label.h">
      <Filter>Header Files</Filter>
    </ClInclude>
    <ClInclude Include="Stages\match.h">
      <Filter>Header Files</Filter>
    </ClInclude>
    <ClInclude Include="Stages\stage.h">
      <Filter>Header Files</Filter>
    </ClInclude>
    <ClInclude Include="Stages\menu.h">
      <Filter>Header Files</Filter>
    </ClInclude>
    <ClInclude Include="Stages\Helper\font.h">
      <Filter>Header Files</Filter>
    </ClInclude>
    <ClInclude Include="Stages\startmenu.h">
      <Filter>Header Files</Filter>
    </ClInclude>
    <ClInclude Include="Engine\particle.h">
      <Filter>Header Files</Filter>
    </ClInclude>
    <ClInclude Include="Stages\Helper\ashparticles.h">
      <Filter>Header Files</Filter>
    </ClInclude>
    <ClInclude Include="Engine\particleemitter.h">
      <Filter>Header Files</Filter>
    </ClInclude>
    <ClInclude Include="Stages\resultmenu.h">
      <Filter>Header Files</Filter>
    </ClInclude>
    <ClInclude Include="Stages\Helper\fire.h">
      <Filter>Header Files</Filter>
    </ClInclude>
    <ClInclude Include="Stages\mapmenu.h">
      <Filter>Header Files</Filter>
    </ClInclude>
    <ClInclude Include="Stages\aboutmenu.h">
      <Filter>Header Files</Filter>
    </ClInclude>
    <ClInclude Include="Stages\tutorialmenu.h">
      <Filter>Header Files</Filter>
    </ClInclude>
  </ItemGroup>
  <ItemGroup>
    <ClCompile Include="main.cpp">
      <Filter>Source Files</Filter>
    </ClCompile>
    <ClCompile Include="pompeii.cpp">
      <Filter>Source Files</Filter>
    </ClCompile>
    <ClCompile Include="Engine\backbuffer.cpp">
      <Filter>Source Files\Engine</Filter>
    </ClCompile>
    <ClCompile Include="Engine\entity.cpp">
      <Filter>Source Files\Engine</Filter>
    </ClCompile>
    <ClCompile Include="Engine\game.cpp">
      <Filter>Source Files\Engine</Filter>
    </ClCompile>
    <ClCompile Include="Engine\inputhandler.cpp">
      <Filter>Source Files\Engine</Filter>
    </ClCompile>
    <ClCompile Include="Engine\logmanager.cpp">
      <Filter>Source Files\Engine</Filter>
    </ClCompile>
    <ClCompile Include="Engine\sprite.cpp">
      <Filter>Source Files\Engine</Filter>
    </ClCompile>
    <ClCompile Include="Engine\texture.cpp">
      <Filter>Source Files\Engine</Filter>
    </ClCompile>
    <ClCompile Include="Engine\texturemanager.cpp">
      <Filter>Source Files\Engine</Filter>
    </ClCompile>
    <ClCompile Include="World\coordinate.cpp">
      <Filter>Source Files</Filter>
    </ClCompile>
    <ClCompile Include="World\luafile.cpp">
      <Filter>Source Files</Filter>
    </ClCompile>
    <ClCompile Include="Stages\Helper\label.cpp">
      <Filter>Source Files</Filter>
    </ClCompile>
    <ClCompile Include="Stages\match.cpp">
      <Filter>Source Files</Filter>
    </ClCompile>
    <ClCompile Include="Stages\menu.cpp">
      <Filter>Source Files</Filter>
    </ClCompile>
    <ClCompile Include="Stages\Helper\font.cpp">
      <Filter>Source Files</Filter>
    </ClCompile>
    <ClCompile Include="Stages\stage.cpp">
      <Filter>Source Files</Filter>
    </ClCompile>
    <ClCompile Include="Stages\startmenu.cpp">
      <Filter>Source Files</Filter>
    </ClCompile>
    <ClCompile Include="Engine\particle.cpp">
      <Filter>Source Files</Filter>
    </ClCompile>
    <ClCompile Include="Stages\Helper\ashparticles.cpp">
      <Filter>Source Files</Filter>
    </ClCompile>
    <ClCompile Include="Engine\particleemitter.cpp">
      <Filter>Source Files</Filter>
    </ClCompile>
    <ClCompile Include="Stages\resultmenu.cpp">
      <Filter>Source Files</Filter>
    </ClCompile>
    <ClCompile Include="Stages\Helper\fire.cpp">
      <Filter>Source Files</Filter>
    </ClCompile>
    <ClCompile Include="Stages\mapmenu.cpp">
      <Filter>Source Files</Filter>
    </ClCompile>
    <ClCompile Include="Stages\aboutmenu.cpp">
      <Filter>Source Files</Filter>
    </ClCompile>
    <ClCompile Include="Stages\tutorialmenu.cpp">
      <Filter>Source Files</Filter>
    </ClCompile>
  </ItemGroup>
</Project>